// !$*UTF8*$!
{
	archiveVersion = 1;
	classes = {
	};
	objectVersion = 56;
	objects = {

/* Begin PBXBuildFile section */
		C09E035E29FAFCB300922B87 /* swiftApp.swift in Sources */ = {isa = PBXBuildFile; fileRef = C09E035D29FAFCB300922B87 /* swiftApp.swift */; };
		C09E036029FAFCB300922B87 /* ContentView.swift in Sources */ = {isa = PBXBuildFile; fileRef = C09E035F29FAFCB300922B87 /* ContentView.swift */; };
		C09E036229FAFCB400922B87 /* Assets.xcassets in Resources */ = {isa = PBXBuildFile; fileRef = C09E036129FAFCB400922B87 /* Assets.xcassets */; };
		C09E036629FAFCB400922B87 /* Preview Assets.xcassets in Resources */ = {isa = PBXBuildFile; fileRef = C09E036529FAFCB400922B87 /* Preview Assets.xcassets */; };
		C09E037029FAFCB400922B87 /* swiftTests.swift in Sources */ = {isa = PBXBuildFile; fileRef = C09E036F29FAFCB400922B87 /* swiftTests.swift */; };
		C09E037A29FAFCB400922B87 /* swiftUITests.swift in Sources */ = {isa = PBXBuildFile; fileRef = C09E037929FAFCB400922B87 /* swiftUITests.swift */; };
		C09E037C29FAFCB400922B87 /* swiftUITestsLaunchTests.swift in Sources */ = {isa = PBXBuildFile; fileRef = C09E037B29FAFCB400922B87 /* swiftUITestsLaunchTests.swift */; };
/* End PBXBuildFile section */

/* Begin PBXContainerItemProxy section */
		C09E036C29FAFCB400922B87 /* PBXContainerItemProxy */ = {
			isa = PBXContainerItemProxy;
			containerPortal = C09E035229FAFCB300922B87 /* Project object */;
			proxyType = 1;
			remoteGlobalIDString = C09E035929FAFCB300922B87;
			remoteInfo = swift;
		};
		C09E037629FAFCB400922B87 /* PBXContainerItemProxy */ = {
			isa = PBXContainerItemProxy;
			containerPortal = C09E035229FAFCB300922B87 /* Project object */;
			proxyType = 1;
			remoteGlobalIDString = C09E035929FAFCB300922B87;
			remoteInfo = swift;
		};
/* End PBXContainerItemProxy section */

/* Begin PBXFileReference section */
		C09E035A29FAFCB300922B87 /* swift.app */ = {isa = PBXFileReference; explicitFileType = wrapper.application; includeInIndex = 0; path = swift.app; sourceTree = BUILT_PRODUCTS_DIR; };
		C09E035D29FAFCB300922B87 /* swiftApp.swift */ = {isa = PBXFileReference; lastKnownFileType = sourcecode.swift; path = swiftApp.swift; sourceTree = "<group>"; };
		C09E035F29FAFCB300922B87 /* ContentView.swift */ = {isa = PBXFileReference; lastKnownFileType = sourcecode.swift; path = ContentView.swift; sourceTree = "<group>"; };
		C09E036129FAFCB400922B87 /* Assets.xcassets */ = {isa = PBXFileReference; lastKnownFileType = folder.assetcatalog; path = Assets.xcassets; sourceTree = "<group>"; };
		C09E036329FAFCB400922B87 /* swift.entitlements */ = {isa = PBXFileReference; lastKnownFileType = text.plist.entitlements; path = swift.entitlements; sourceTree = "<group>"; };
		C09E036529FAFCB400922B87 /* Preview Assets.xcassets */ = {isa = PBXFileReference; lastKnownFileType = folder.assetcatalog; path = "Preview Assets.xcassets"; sourceTree = "<group>"; };
		C09E036B29FAFCB400922B87 /* swiftTests.xctest */ = {isa = PBXFileReference; explicitFileType = wrapper.cfbundle; includeInIndex = 0; path = swiftTests.xctest; sourceTree = BUILT_PRODUCTS_DIR; };
		C09E036F29FAFCB400922B87 /* swiftTests.swift */ = {isa = PBXFileReference; lastKnownFileType = sourcecode.swift; path = swiftTests.swift; sourceTree = "<group>"; };
		C09E037529FAFCB400922B87 /* swiftUITests.xctest */ = {isa = PBXFileReference; explicitFileType = wrapper.cfbundle; includeInIndex = 0; path = swiftUITests.xctest; sourceTree = BUILT_PRODUCTS_DIR; };
		C09E037929FAFCB400922B87 /* swiftUITests.swift */ = {isa = PBXFileReference; lastKnownFileType = sourcecode.swift; path = swiftUITests.swift; sourceTree = "<group>"; };
		C09E037B29FAFCB400922B87 /* swiftUITestsLaunchTests.swift */ = {isa = PBXFileReference; lastKnownFileType = sourcecode.swift; path = swiftUITestsLaunchTests.swift; sourceTree = "<group>"; };
/* End PBXFileReference section */

/* Begin PBXFrameworksBuildPhase section */
		C09E035729FAFCB300922B87 /* Frameworks */ = {
			isa = PBXFrameworksBuildPhase;
			buildActionMask = 2147483647;
			files = (
			);
			runOnlyForDeploymentPostprocessing = 0;
		};
		C09E036829FAFCB400922B87 /* Frameworks */ = {
			isa = PBXFrameworksBuildPhase;
			buildActionMask = 2147483647;
			files = (
			);
			runOnlyForDeploymentPostprocessing = 0;
		};
		C09E037229FAFCB400922B87 /* Frameworks */ = {
			isa = PBXFrameworksBuildPhase;
			buildActionMask = 2147483647;
			files = (
			);
			runOnlyForDeploymentPostprocessing = 0;
		};
/* End PBXFrameworksBuildPhase section */

/* Begin PBXGroup section */
		C09E035129FAFCB300922B87 = {
			isa = PBXGroup;
			children = (
				C09E035C29FAFCB300922B87 /* swift */,
				C09E036E29FAFCB400922B87 /* swiftTests */,
				C09E037829FAFCB400922B87 /* swiftUITests */,
				C09E035B29FAFCB300922B87 /* Products */,
			);
			sourceTree = "<group>";
		};
		C09E035B29FAFCB300922B87 /* Products */ = {
			isa = PBXGroup;
			children = (
				C09E035A29FAFCB300922B87 /* swift.app */,
				C09E036B29FAFCB400922B87 /* swiftTests.xctest */,
				C09E037529FAFCB400922B87 /* swiftUITests.xctest */,
			);
			name = Products;
			sourceTree = "<group>";
		};
		C09E035C29FAFCB300922B87 /* swift */ = {
			isa = PBXGroup;
			children = (
				C09E035D29FAFCB300922B87 /* swiftApp.swift */,
				C09E035F29FAFCB300922B87 /* ContentView.swift */,
				C09E036129FAFCB400922B87 /* Assets.xcassets */,
				C09E036329FAFCB400922B87 /* swift.entitlements */,
				C09E036429FAFCB400922B87 /* Preview Content */,
			);
			path = swift;
			sourceTree = "<group>";
		};
		C09E036429FAFCB400922B87 /* Preview Content */ = {
			isa = PBXGroup;
			children = (
				C09E036529FAFCB400922B87 /* Preview Assets.xcassets */,
			);
			path = "Preview Content";
			sourceTree = "<group>";
		};
		C09E036E29FAFCB400922B87 /* swiftTests */ = {
			isa = PBXGroup;
			children = (
				C09E036F29FAFCB400922B87 /* swiftTests.swift */,
			);
			path = swiftTests;
			sourceTree = "<group>";
		};
		C09E037829FAFCB400922B87 /* swiftUITests */ = {
			isa = PBXGroup;
			children = (
				C09E037929FAFCB400922B87 /* swiftUITests.swift */,
				C09E037B29FAFCB400922B87 /* swiftUITestsLaunchTests.swift */,
			);
			path = swiftUITests;
			sourceTree = "<group>";
		};
/* End PBXGroup section */

/* Begin PBXNativeTarget section */
		C09E035929FAFCB300922B87 /* swift */ = {
			isa = PBXNativeTarget;
			buildConfigurationList = C09E037F29FAFCB400922B87 /* Build configuration list for PBXNativeTarget "swift" */;
			buildPhases = (
				C09E035629FAFCB300922B87 /* Sources */,
				C09E035729FAFCB300922B87 /* Frameworks */,
				C09E035829FAFCB300922B87 /* Resources */,
			);
			buildRules = (
			);
			dependencies = (
			);
			name = swift;
			productName = swift;
			productReference = C09E035A29FAFCB300922B87 /* swift.app */;
			productType = "com.apple.product-type.application";
		};
		C09E036A29FAFCB400922B87 /* swiftTests */ = {
			isa = PBXNativeTarget;
			buildConfigurationList = C09E038229FAFCB400922B87 /* Build configuration list for PBXNativeTarget "swiftTests" */;
			buildPhases = (
				C09E036729FAFCB400922B87 /* Sources */,
				C09E036829FAFCB400922B87 /* Frameworks */,
				C09E036929FAFCB400922B87 /* Resources */,
			);
			buildRules = (
			);
			dependencies = (
				C09E036D29FAFCB400922B87 /* PBXTargetDependency */,
			);
			name = swiftTests;
			productName = swiftTests;
			productReference = C09E036B29FAFCB400922B87 /* swiftTests.xctest */;
			productType = "com.apple.product-type.bundle.unit-test";
		};
		C09E037429FAFCB400922B87 /* swiftUITests */ = {
			isa = PBXNativeTarget;
			buildConfigurationList = C09E038529FAFCB400922B87 /* Build configuration list for PBXNativeTarget "swiftUITests" */;
			buildPhases = (
				C09E037129FAFCB400922B87 /* Sources */,
				C09E037229FAFCB400922B87 /* Frameworks */,
				C09E037329FAFCB400922B87 /* Resources */,
			);
			buildRules = (
			);
			dependencies = (
				C09E037729FAFCB400922B87 /* PBXTargetDependency */,
			);
			name = swiftUITests;
			productName = swiftUITests;
			productReference = C09E037529FAFCB400922B87 /* swiftUITests.xctest */;
			productType = "com.apple.product-type.bundle.ui-testing";
		};
/* End PBXNativeTarget section */

/* Begin PBXProject section */
		C09E035229FAFCB300922B87 /* Project object */ = {
			isa = PBXProject;
			attributes = {
				BuildIndependentTargetsInParallel = 1;
				LastSwiftUpdateCheck = 1420;
				LastUpgradeCheck = 1420;
				TargetAttributes = {
					C09E035929FAFCB300922B87 = {
						CreatedOnToolsVersion = 14.2;
					};
					C09E036A29FAFCB400922B87 = {
						CreatedOnToolsVersion = 14.2;
						TestTargetID = C09E035929FAFCB300922B87;
					};
					C09E037429FAFCB400922B87 = {
						CreatedOnToolsVersion = 14.2;
						TestTargetID = C09E035929FAFCB300922B87;
					};
				};
			};
			buildConfigurationList = C09E035529FAFCB300922B87 /* Build configuration list for PBXProject "swift" */;
			compatibilityVersion = "Xcode 14.0";
			developmentRegion = en;
			hasScannedForEncodings = 0;
			knownRegions = (
				en,
				Base,
			);
			mainGroup = C09E035129FAFCB300922B87;
			productRefGroup = C09E035B29FAFCB300922B87 /* Products */;
			projectDirPath = "";
			projectRoot = "";
			targets = (
				C09E035929FAFCB300922B87 /* swift */,
				C09E036A29FAFCB400922B87 /* swiftTests */,
				C09E037429FAFCB400922B87 /* swiftUITests */,
			);
		};
/* End PBXProject section */

/* Begin PBXResourcesBuildPhase section */
		C09E035829FAFCB300922B87 /* Resources */ = {
			isa = PBXResourcesBuildPhase;
			buildActionMask = 2147483647;
			files = (
				C09E036629FAFCB400922B87 /* Preview Assets.xcassets in Resources */,
				C09E036229FAFCB400922B87 /* Assets.xcassets in Resources */,
			);
			runOnlyForDeploymentPostprocessing = 0;
		};
		C09E036929FAFCB400922B87 /* Resources */ = {
			isa = PBXResourcesBuildPhase;
			buildActionMask = 2147483647;
			files = (
			);
			runOnlyForDeploymentPostprocessing = 0;
		};
		C09E037329FAFCB400922B87 /* Resources */ = {
			isa = PBXResourcesBuildPhase;
			buildActionMask = 2147483647;
			files = (
			);
			runOnlyForDeploymentPostprocessing = 0;
		};
/* End PBXResourcesBuildPhase section */

/* Begin PBXSourcesBuildPhase section */
		C09E035629FAFCB300922B87 /* Sources */ = {
			isa = PBXSourcesBuildPhase;
			buildActionMask = 2147483647;
			files = (
				C09E036029FAFCB300922B87 /* ContentView.swift in Sources */,
				C09E035E29FAFCB300922B87 /* swiftApp.swift in Sources */,
			);
			runOnlyForDeploymentPostprocessing = 0;
		};
		C09E036729FAFCB400922B87 /* Sources */ = {
			isa = PBXSourcesBuildPhase;
			buildActionMask = 2147483647;
			files = (
				C09E037029FAFCB400922B87 /* swiftTests.swift in Sources */,
			);
			runOnlyForDeploymentPostprocessing = 0;
		};
		C09E037129FAFCB400922B87 /* Sources */ = {
			isa = PBXSourcesBuildPhase;
			buildActionMask = 2147483647;
			files = (
				C09E037C29FAFCB400922B87 /* swiftUITestsLaunchTests.swift in Sources */,
				C09E037A29FAFCB400922B87 /* swiftUITests.swift in Sources */,
			);
			runOnlyForDeploymentPostprocessing = 0;
		};
/* End PBXSourcesBuildPhase section */

/* Begin PBXTargetDependency section */
		C09E036D29FAFCB400922B87 /* PBXTargetDependency */ = {
			isa = PBXTargetDependency;
			target = C09E035929FAFCB300922B87 /* swift */;
			targetProxy = C09E036C29FAFCB400922B87 /* PBXContainerItemProxy */;
		};
		C09E037729FAFCB400922B87 /* PBXTargetDependency */ = {
			isa = PBXTargetDependency;
			target = C09E035929FAFCB300922B87 /* swift */;
			targetProxy = C09E037629FAFCB400922B87 /* PBXContainerItemProxy */;
		};
/* End PBXTargetDependency section */

/* Begin XCBuildConfiguration section */
		C09E037D29FAFCB400922B87 /* Debug */ = {
			isa = XCBuildConfiguration;
			buildSettings = {
				ALWAYS_SEARCH_USER_PATHS = NO;
				CLANG_ANALYZER_NONNULL = YES;
				CLANG_ANALYZER_NUMBER_OBJECT_CONVERSION = YES_AGGRESSIVE;
				CLANG_CXX_LANGUAGE_STANDARD = "gnu++20";
				CLANG_ENABLE_MODULES = YES;
				CLANG_ENABLE_OBJC_ARC = YES;
				CLANG_ENABLE_OBJC_WEAK = YES;
				CLANG_WARN_BLOCK_CAPTURE_AUTORELEASING = YES;
				CLANG_WARN_BOOL_CONVERSION = YES;
				CLANG_WARN_COMMA = YES;
				CLANG_WARN_CONSTANT_CONVERSION = YES;
				CLANG_WARN_DEPRECATED_OBJC_IMPLEMENTATIONS = YES;
				CLANG_WARN_DIRECT_OBJC_ISA_USAGE = YES_ERROR;
				CLANG_WARN_DOCUMENTATION_COMMENTS = YES;
				CLANG_WARN_EMPTY_BODY = YES;
				CLANG_WARN_ENUM_CONVERSION = YES;
				CLANG_WARN_INFINITE_RECURSION = YES;
				CLANG_WARN_INT_CONVERSION = YES;
				CLANG_WARN_NON_LITERAL_NULL_CONVERSION = YES;
				CLANG_WARN_OBJC_IMPLICIT_RETAIN_SELF = YES;
				CLANG_WARN_OBJC_LITERAL_CONVERSION = YES;
				CLANG_WARN_OBJC_ROOT_CLASS = YES_ERROR;
				CLANG_WARN_QUOTED_INCLUDE_IN_FRAMEWORK_HEADER = YES;
				CLANG_WARN_RANGE_LOOP_ANALYSIS = YES;
				CLANG_WARN_STRICT_PROTOTYPES = YES;
				CLANG_WARN_SUSPICIOUS_MOVE = YES;
				CLANG_WARN_UNGUARDED_AVAILABILITY = YES_AGGRESSIVE;
				CLANG_WARN_UNREACHABLE_CODE = YES;
				CLANG_WARN__DUPLICATE_METHOD_MATCH = YES;
				COPY_PHASE_STRIP = NO;
				DEBUG_INFORMATION_FORMAT = dwarf;
				ENABLE_STRICT_OBJC_MSGSEND = YES;
				ENABLE_TESTABILITY = YES;
				GCC_C_LANGUAGE_STANDARD = gnu11;
				GCC_DYNAMIC_NO_PIC = NO;
				GCC_NO_COMMON_BLOCKS = YES;
				GCC_OPTIMIZATION_LEVEL = 0;
				GCC_PREPROCESSOR_DEFINITIONS = (
					"DEBUG=1",
					"$(inherited)",
				);
				GCC_WARN_64_TO_32_BIT_CONVERSION = YES;
				GCC_WARN_ABOUT_RETURN_TYPE = YES_ERROR;
				GCC_WARN_UNDECLARED_SELECTOR = YES;
				GCC_WARN_UNINITIALIZED_AUTOS = YES_AGGRESSIVE;
				GCC_WARN_UNUSED_FUNCTION = YES;
				GCC_WARN_UNUSED_VARIABLE = YES;
				MTL_ENABLE_DEBUG_INFO = INCLUDE_SOURCE;
				MTL_FAST_MATH = YES;
				ONLY_ACTIVE_ARCH = YES;
				SWIFT_ACTIVE_COMPILATION_CONDITIONS = DEBUG;
				SWIFT_OPTIMIZATION_LEVEL = "-Onone";
			};
			name = Debug;
		};
		C09E037E29FAFCB400922B87 /* Release */ = {
			isa = XCBuildConfiguration;
			buildSettings = {
				ALWAYS_SEARCH_USER_PATHS = NO;
				CLANG_ANALYZER_NONNULL = YES;
				CLANG_ANALYZER_NUMBER_OBJECT_CONVERSION = YES_AGGRESSIVE;
				CLANG_CXX_LANGUAGE_STANDARD = "gnu++20";
				CLANG_ENABLE_MODULES = YES;
				CLANG_ENABLE_OBJC_ARC = YES;
				CLANG_ENABLE_OBJC_WEAK = YES;
				CLANG_WARN_BLOCK_CAPTURE_AUTORELEASING = YES;
				CLANG_WARN_BOOL_CONVERSION = YES;
				CLANG_WARN_COMMA = YES;
				CLANG_WARN_CONSTANT_CONVERSION = YES;
				CLANG_WARN_DEPRECATED_OBJC_IMPLEMENTATIONS = YES;
				CLANG_WARN_DIRECT_OBJC_ISA_USAGE = YES_ERROR;
				CLANG_WARN_DOCUMENTATION_COMMENTS = YES;
				CLANG_WARN_EMPTY_BODY = YES;
				CLANG_WARN_ENUM_CONVERSION = YES;
				CLANG_WARN_INFINITE_RECURSION = YES;
				CLANG_WARN_INT_CONVERSION = YES;
				CLANG_WARN_NON_LITERAL_NULL_CONVERSION = YES;
				CLANG_WARN_OBJC_IMPLICIT_RETAIN_SELF = YES;
				CLANG_WARN_OBJC_LITERAL_CONVERSION = YES;
				CLANG_WARN_OBJC_ROOT_CLASS = YES_ERROR;
				CLANG_WARN_QUOTED_INCLUDE_IN_FRAMEWORK_HEADER = YES;
				CLANG_WARN_RANGE_LOOP_ANALYSIS = YES;
				CLANG_WARN_STRICT_PROTOTYPES = YES;
				CLANG_WARN_SUSPICIOUS_MOVE = YES;
				CLANG_WARN_UNGUARDED_AVAILABILITY = YES_AGGRESSIVE;
				CLANG_WARN_UNREACHABLE_CODE = YES;
				CLANG_WARN__DUPLICATE_METHOD_MATCH = YES;
				COPY_PHASE_STRIP = NO;
				DEBUG_INFORMATION_FORMAT = "dwarf-with-dsym";
				ENABLE_NS_ASSERTIONS = NO;
				ENABLE_STRICT_OBJC_MSGSEND = YES;
				GCC_C_LANGUAGE_STANDARD = gnu11;
				GCC_NO_COMMON_BLOCKS = YES;
				GCC_WARN_64_TO_32_BIT_CONVERSION = YES;
				GCC_WARN_ABOUT_RETURN_TYPE = YES_ERROR;
				GCC_WARN_UNDECLARED_SELECTOR = YES;
				GCC_WARN_UNINITIALIZED_AUTOS = YES_AGGRESSIVE;
				GCC_WARN_UNUSED_FUNCTION = YES;
				GCC_WARN_UNUSED_VARIABLE = YES;
				MTL_ENABLE_DEBUG_INFO = NO;
				MTL_FAST_MATH = YES;
				SWIFT_COMPILATION_MODE = wholemodule;
				SWIFT_OPTIMIZATION_LEVEL = "-O";
			};
			name = Release;
		};
		C09E038029FAFCB400922B87 /* Debug */ = {
			isa = XCBuildConfiguration;
			buildSettings = {
				ASSETCATALOG_COMPILER_APPICON_NAME = AppIcon;
				ASSETCATALOG_COMPILER_GLOBAL_ACCENT_COLOR_NAME = AccentColor;
				CODE_SIGN_ENTITLEMENTS = swift/swift.entitlements;
				CODE_SIGN_STYLE = Automatic;
				CURRENT_PROJECT_VERSION = 1;
				DEVELOPMENT_ASSET_PATHS = "\"swift/Preview Content\"";
				DEVELOPMENT_TEAM = DA6Y92W9BK;
				ENABLE_HARDENED_RUNTIME = YES;
				ENABLE_PREVIEWS = YES;
				GENERATE_INFOPLIST_FILE = YES;
				"INFOPLIST_KEY_UIApplicationSceneManifest_Generation[sdk=iphoneos*]" = YES;
				"INFOPLIST_KEY_UIApplicationSceneManifest_Generation[sdk=iphonesimulator*]" = YES;
				"INFOPLIST_KEY_UIApplicationSupportsIndirectInputEvents[sdk=iphoneos*]" = YES;
				"INFOPLIST_KEY_UIApplicationSupportsIndirectInputEvents[sdk=iphonesimulator*]" = YES;
				"INFOPLIST_KEY_UILaunchScreen_Generation[sdk=iphoneos*]" = YES;
				"INFOPLIST_KEY_UILaunchScreen_Generation[sdk=iphonesimulator*]" = YES;
				"INFOPLIST_KEY_UIStatusBarStyle[sdk=iphoneos*]" = UIStatusBarStyleDefault;
				"INFOPLIST_KEY_UIStatusBarStyle[sdk=iphonesimulator*]" = UIStatusBarStyleDefault;
				INFOPLIST_KEY_UISupportedInterfaceOrientations_iPad = "UIInterfaceOrientationPortrait UIInterfaceOrientationPortraitUpsideDown UIInterfaceOrientationLandscapeLeft UIInterfaceOrientationLandscapeRight";
				INFOPLIST_KEY_UISupportedInterfaceOrientations_iPhone = "UIInterfaceOrientationPortrait UIInterfaceOrientationLandscapeLeft UIInterfaceOrientationLandscapeRight";
				IPHONEOS_DEPLOYMENT_TARGET = 16.2;
				LD_RUNPATH_SEARCH_PATHS = "@executable_path/Frameworks";
				"LD_RUNPATH_SEARCH_PATHS[sdk=macosx*]" = "@executable_path/../Frameworks";
				MACOSX_DEPLOYMENT_TARGET = 12.5;
				MARKETING_VERSION = 1.0;
				PRODUCT_BUNDLE_IDENTIFIER = irem.swift;
				PRODUCT_NAME = "$(TARGET_NAME)";
				SDKROOT = auto;
				SUPPORTED_PLATFORMS = "iphoneos iphonesimulator macosx";
				SWIFT_EMIT_LOC_STRINGS = YES;
				SWIFT_VERSION = 5.0;
				TARGETED_DEVICE_FAMILY = "1,2";
			};
			name = Debug;
		};
		C09E038129FAFCB400922B87 /* Release */ = {
			isa = XCBuildConfiguration;
			buildSettings = {
				ASSETCATALOG_COMPILER_APPICON_NAME = AppIcon;
				ASSETCATALOG_COMPILER_GLOBAL_ACCENT_COLOR_NAME = AccentColor;
				CODE_SIGN_ENTITLEMENTS = swift/swift.entitlements;
				CODE_SIGN_STYLE = Automatic;
				CURRENT_PROJECT_VERSION = 1;
				DEVELOPMENT_ASSET_PATHS = "\"swift/Preview Content\"";
				DEVELOPMENT_TEAM = DA6Y92W9BK;
				ENABLE_HARDENED_RUNTIME = YES;
				ENABLE_PREVIEWS = YES;
				GENERATE_INFOPLIST_FILE = YES;
				"INFOPLIST_KEY_UIApplicationSceneManifest_Generation[sdk=iphoneos*]" = YES;
				"INFOPLIST_KEY_UIApplicationSceneManifest_Generation[sdk=iphonesimulator*]" = YES;
				"INFOPLIST_KEY_UIApplicationSupportsIndirectInputEvents[sdk=iphoneos*]" = YES;
				"INFOPLIST_KEY_UIApplicationSupportsIndirectInputEvents[sdk=iphonesimulator*]" = YES;
				"INFOPLIST_KEY_UILaunchScreen_Generation[sdk=iphoneos*]" = YES;
				"INFOPLIST_KEY_UILaunchScreen_Generation[sdk=iphonesimulator*]" = YES;
				"INFOPLIST_KEY_UIStatusBarStyle[sdk=iphoneos*]" = UIStatusBarStyleDefault;
				"INFOPLIST_KEY_UIStatusBarStyle[sdk=iphonesimulator*]" = UIStatusBarStyleDefault;
				INFOPLIST_KEY_UISupportedInterfaceOrientations_iPad = "UIInterfaceOrientationPortrait UIInterfaceOrientationPortraitUpsideDown UIInterfaceOrientationLandscapeLeft UIInterfaceOrientationLandscapeRight";
				INFOPLIST_KEY_UISupportedInterfaceOrientations_iPhone = "UIInterfaceOrientationPortrait UIInterfaceOrientationLandscapeLeft UIInterfaceOrientationLandscapeRight";
				IPHONEOS_DEPLOYMENT_TARGET = 16.2;
				LD_RUNPATH_SEARCH_PATHS = "@executable_path/Frameworks";
				"LD_RUNPATH_SEARCH_PATHS[sdk=macosx*]" = "@executable_path/../Frameworks";
				MACOSX_DEPLOYMENT_TARGET = 12.5;
				MARKETING_VERSION = 1.0;
				PRODUCT_BUNDLE_IDENTIFIER = irem.swift;
				PRODUCT_NAME = "$(TARGET_NAME)";
				SDKROOT = auto;
				SUPPORTED_PLATFORMS = "iphoneos iphonesimulator macosx";
				SWIFT_EMIT_LOC_STRINGS = YES;
				SWIFT_VERSION = 5.0;
				TARGETED_DEVICE_FAMILY = "1,2";
			};
			name = Release;
		};
		C09E038329FAFCB400922B87 /* Debug */ = {
			isa = XCBuildConfiguration;
			buildSettings = {
				ALWAYS_EMBED_SWIFT_STANDARD_LIBRARIES = YES;
				BUNDLE_LOADER = "$(TEST_HOST)";
				CODE_SIGN_STYLE = Automatic;
				CURRENT_PROJECT_VERSION = 1;
				DEVELOPMENT_TEAM = DA6Y92W9BK;
				GENERATE_INFOPLIST_FILE = YES;
				IPHONEOS_DEPLOYMENT_TARGET = 16.2;
				MACOSX_DEPLOYMENT_TARGET = 12.5;
				MARKETING_VERSION = 1.0;
				PRODUCT_BUNDLE_IDENTIFIER = irem.swiftTests;
				PRODUCT_NAME = "$(TARGET_NAME)";
				SDKROOT = auto;
				SUPPORTED_PLATFORMS = "iphoneos iphonesimulator macosx";
				SWIFT_EMIT_LOC_STRINGS = NO;
				SWIFT_VERSION = 5.0;
				TARGETED_DEVICE_FAMILY = "1,2";
				TEST_HOST = "$(BUILT_PRODUCTS_DIR)/swift.app/$(BUNDLE_EXECUTABLE_FOLDER_PATH)/swift";
			};
			name = Debug;
		};
		C09E038429FAFCB400922B87 /* Release */ = {
			isa = XCBuildConfiguration;
			buildSettings = {
				ALWAYS_EMBED_SWIFT_STANDARD_LIBRARIES = YES;
				BUNDLE_LOADER = "$(TEST_HOST)";
				CODE_SIGN_STYLE = Automatic;
				CURRENT_PROJECT_VERSION = 1;
				DEVELOPMENT_TEAM = DA6Y92W9BK;
				GENERATE_INFOPLIST_FILE = YES;
				IPHONEOS_DEPLOYMENT_TARGET = 16.2;
				MACOSX_DEPLOYMENT_TARGET = 12.5;
				MARKETING_VERSION = 1.0;
				PRODUCT_BUNDLE_IDENTIFIER = irem.swiftTests;
				PRODUCT_NAME = "$(TARGET_NAME)";
				SDKROOT = auto;
				SUPPORTED_PLATFORMS = "iphoneos iphonesimulator macosx";
				SWIFT_EMIT_LOC_STRINGS = NO;
				SWIFT_VERSION = 5.0;
				TARGETED_DEVICE_FAMILY = "1,2";
				TEST_HOST = "$(BUILT_PRODUCTS_DIR)/swift.app/$(BUNDLE_EXECUTABLE_FOLDER_PATH)/swift";
			};
			name = Release;
		};
		C09E038629FAFCB400922B87 /* Debug */ = {
			isa = XCBuildConfiguration;
			buildSettings = {
				ALWAYS_EMBED_SWIFT_STANDARD_LIBRARIES = YES;
				CODE_SIGN_STYLE = Automatic;
				CURRENT_PROJECT_VERSION = 1;
				DEVELOPMENT_TEAM = DA6Y92W9BK;
				GENERATE_INFOPLIST_FILE = YES;
				IPHONEOS_DEPLOYMENT_TARGET = 16.2;
				MACOSX_DEPLOYMENT_TARGET = 12.5;
				MARKETING_VERSION = 1.0;
				PRODUCT_BUNDLE_IDENTIFIER = irem.swiftUITests;
				PRODUCT_NAME = "$(TARGET_NAME)";
				SDKROOT = auto;
				SUPPORTED_PLATFORMS = "iphoneos iphonesimulator macosx";
				SWIFT_EMIT_LOC_STRINGS = NO;
				SWIFT_VERSION = 5.0;
				TARGETED_DEVICE_FAMILY = "1,2";
				TEST_TARGET_NAME = swift;
			};
			name = Debug;
		};
		C09E038729FAFCB400922B87 /* Release */ = {
			isa = XCBuildConfiguration;
			buildSettings = {
				ALWAYS_EMBED_SWIFT_STANDARD_LIBRARIES = YES;
				CODE_SIGN_STYLE = Automatic;
				CURRENT_PROJECT_VERSION = 1;
				DEVELOPMENT_TEAM = DA6Y92W9BK;
				GENERATE_INFOPLIST_FILE = YES;
				IPHONEOS_DEPLOYMENT_TARGET = 16.2;
				MACOSX_DEPLOYMENT_TARGET = 12.5;
				MARKETING_VERSION = 1.0;
				PRODUCT_BUNDLE_IDENTIFIER = irem.swiftUITests;
				PRODUCT_NAME = "$(TARGET_NAME)";
				SDKROOT = auto;
				SUPPORTED_PLATFORMS = "iphoneos iphonesimulator macosx";
				SWIFT_EMIT_LOC_STRINGS = NO;
				SWIFT_VERSION = 5.0;
				TARGETED_DEVICE_FAMILY = "1,2";
				TEST_TARGET_NAME = swift;
			};
			name = Release;
		};
/* End XCBuildConfiguration section */

/* Begin XCConfigurationList section */
		C09E035529FAFCB300922B87 /* Build configuration list for PBXProject "swift" */ = {
			isa = XCConfigurationList;
			buildConfigurations = (
				C09E037D29FAFCB400922B87 /* Debug */,
				C09E037E29FAFCB400922B87 /* Release */,
			);
			defaultConfigurationIsVisible = 0;
			defaultConfigurationName = Release;
		};
		C09E037F29FAFCB400922B87 /* Build configuration list for PBXNativeTarget "swift" */ = {
			isa = XCConfigurationList;
			buildConfigurations = (
				C09E038029FAFCB400922B87 /* Debug */,
				C09E038129FAFCB400922B87 /* Release */,
			);
			defaultConfigurationIsVisible = 0;
			defaultConfigurationName = Release;
		};
		C09E038229FAFCB400922B87 /* Build configuration list for PBXNativeTarget "swiftTests" */ = {
			isa = XCConfigurationList;
			buildConfigurations = (
				C09E038329FAFCB400922B87 /* Debug */,
				C09E038429FAFCB400922B87 /* Release */,
			);
			defaultConfigurationIsVisible = 0;
			defaultConfigurationName = Release;
		};
		C09E038529FAFCB400922B87 /* Build configuration list for PBXNativeTarget "swiftUITests" */ = {
			isa = XCConfigurationList;
			buildConfigurations = (
				C09E038629FAFCB400922B87 /* Debug */,
				C09E038729FAFCB400922B87 /* Release */,
			);
			defaultConfigurationIsVisible = 0;
			defaultConfigurationName = Release;
		};
/* End XCConfigurationList section */
	};
	rootObject = C09E035229FAFCB300922B87 /* Project object */;
}
